
Microsoft Visual Studio Solution File, Format Version 12.00
# Visual Studio Version 16
VisualStudioVersion = 16.0.32002.261
MinimumVisualStudioVersion = 10.0.40219.1
Project("{FAE04EC0-301F-11D3-BF4B-00C04F79EFBC}") = "Asssignment02PD", "Asssignment02PD\Asssignment02PD.csproj", "{4619FE84-D7D4-411F-A913-F5D993499CD9}"
EndProject
Project("{FAE04EC0-301F-11D3-BF4B-00C04F79EFBC}") = "RectangleTest", "RectangleTest\RectangleTest.csproj", "{FF936A01-A547-48D9-90B4-6D1D98B35CC6}"
EndProject
Global
	GlobalSection(SolutionConfigurationPlatforms) = preSolution
		Debug|Any CPU = Debug|Any CPU
		Release|Any CPU = Release|Any CPU
	EndGlobalSection
	GlobalSection(ProjectConfigurationPlatforms) = postSolution
		{4619FE84-D7D4-411F-A913-F5D993499CD9}.Debug|Any CPU.ActiveCfg = Debug|Any CPU
		{4619FE84-D7D4-411F-A913-F5D993499CD9}.Debug|Any CPU.Build.0 = Debug|Any CPU
		{4619FE84-D7D4-411F-A913-F5D993499CD9}.Release|Any CPU.ActiveCfg = Release|Any CPU
		{4619FE84-D7D4-411F-A913-F5D993499CD9}.Release|Any CPU.Build.0 = Release|Any CPU
		{FF936A01-A547-48D9-90B4-6D1D98B35CC6}.Debug|Any CPU.ActiveCfg = Debug|Any CPU
		{FF936A01-A547-48D9-90B4-6D1D98B35CC6}.Debug|Any CPU.Build.0 = Debug|Any CPU
		{FF936A01-A547-48D9-90B4-6D1D98B35CC6}.Release|Any CPU.ActiveCfg = Release|Any CPU
		{FF936A01-A547-48D9-90B4-6D1D98B35CC6}.Release|Any CPU.Build.0 = Release|Any CPU
	EndGlobalSection
	GlobalSection(SolutionProperties) = preSolution
		HideSolutionNode = FALSE
	EndGlobalSection
	GlobalSection(ExtensibilityGlobals) = postSolution
		SolutionGuid = {474AE00B-1A6D-4473-AA25-F01E94F59409}
	EndGlobalSection
EndGlobal
